
Microsoft Visual Studio Solution File, Format Version 12.00
# Visual Studio Version 17
VisualStudioVersion = 17.11.35222.181
MinimumVisualStudioVersion = 10.0.40219.1
Project("{FAE04EC0-301F-11D3-BF4B-00C04F79EFBC}") = "FicticiaSeguros", "FicticiaSeguros\FicticiaSeguros.csproj", "{9CB9DA45-DF2D-4B51-B31F-C5A8DB35F108}"
EndProject
Global
	GlobalSection(SolutionConfigurationPlatforms) = preSolution
		Debug|Any CPU = Debug|Any CPU
		Release|Any CPU = Release|Any CPU
	EndGlobalSection
	GlobalSection(ProjectConfigurationPlatforms) = postSolution
		{9CB9DA45-DF2D-4B51-B31F-C5A8DB35F108}.Debug|Any CPU.ActiveCfg = Debug|Any CPU
		{9CB9DA45-DF2D-4B51-B31F-C5A8DB35F108}.Debug|Any CPU.Build.0 = Debug|Any CPU
		{9CB9DA45-DF2D-4B51-B31F-C5A8DB35F108}.Release|Any CPU.ActiveCfg = Release|Any CPU
		{9CB9DA45-DF2D-4B51-B31F-C5A8DB35F108}.Release|Any CPU.Build.0 = Release|Any CPU
	EndGlobalSection
	GlobalSection(SolutionProperties) = preSolution
		HideSolutionNode = FALSE
	EndGlobalSection
	GlobalSection(ExtensibilityGlobals) = postSolution
		SolutionGuid = {04AEDB92-DB81-40AB-95CC-7EDD093EC474}
	EndGlobalSection
EndGlobal
